// !$*UTF8*$!
{
	archiveVersion = 1;
	classes = {
	};
	objectVersion = 46;
	objects = {

/* Begin PBXBuildFile section */
		438B3E591D9E916C005D7A6E /* main.swift in Sources */ = {isa = PBXBuildFile; fileRef = 438B3E581D9E916C005D7A6E /* main.swift */; };
		439C6B311DA008E300060C69 /* iTunes.swift in Sources */ = {isa = PBXBuildFile; fileRef = 439C6B301DA008E300060C69 /* iTunes.swift */; };
		43A39CEC1DA0103000991AB8 /* ScriptingBridge.framework in Frameworks */ = {isa = PBXBuildFile; fileRef = 43A39CEB1DA0103000991AB8 /* ScriptingBridge.framework */; };
		43A39CEE1DA038E700991AB8 /* musixmatchApi.swift in Sources */ = {isa = PBXBuildFile; fileRef = 43A39CED1DA038E700991AB8 /* musixmatchApi.swift */; };
		43A39CF01DA039EE00991AB8 /* lyricalNonsense.swift in Sources */ = {isa = PBXBuildFile; fileRef = 43A39CEF1DA039EE00991AB8 /* lyricalNonsense.swift */; };
/* End PBXBuildFile section */

/* Begin PBXCopyFilesBuildPhase section */
		438B3E531D9E916C005D7A6E /* CopyFiles */ = {
			isa = PBXCopyFilesBuildPhase;
			buildActionMask = 2147483647;
			dstPath = /usr/share/man/man1/;
			dstSubfolderSpec = 0;
			files = (
			);
			runOnlyForDeploymentPostprocessing = 1;
		};
/* End PBXCopyFilesBuildPhase section */

/* Begin PBXFileReference section */
		438B3E551D9E916C005D7A6E /* iTunes */ = {isa = PBXFileReference; explicitFileType = "compiled.mach-o.executable"; includeInIndex = 0; path = iTunes; sourceTree = BUILT_PRODUCTS_DIR; };
		438B3E581D9E916C005D7A6E /* main.swift */ = {isa = PBXFileReference; lastKnownFileType = sourcecode.swift; path = main.swift; sourceTree = "<group>"; };
		439C6B2C1DA007AA00060C69 /* iTunes.h */ = {isa = PBXFileReference; fileEncoding = 4; lastKnownFileType = sourcecode.c.h; path = iTunes.h; sourceTree = "<group>"; };
		439C6B2D1DA007AA00060C69 /* iTunes.sdef */ = {isa = PBXFileReference; fileEncoding = 4; lastKnownFileType = text.xml; path = iTunes.sdef; sourceTree = "<group>"; };
		439C6B301DA008E300060C69 /* iTunes.swift */ = {isa = PBXFileReference; fileEncoding = 4; lastKnownFileType = sourcecode.swift; name = iTunes.swift; path = ../../../../Downloads/iTunes.swift; sourceTree = "<group>"; };
		43A39CEB1DA0103000991AB8 /* ScriptingBridge.framework */ = {isa = PBXFileReference; lastKnownFileType = wrapper.framework; name = ScriptingBridge.framework; path = System/Library/Frameworks/ScriptingBridge.framework; sourceTree = SDKROOT; };
		43A39CED1DA038E700991AB8 /* musixmatchApi.swift */ = {isa = PBXFileReference; fileEncoding = 4; lastKnownFileType = sourcecode.swift; path = musixmatchApi.swift; sourceTree = "<group>"; };
		43A39CEF1DA039EE00991AB8 /* lyricalNonsense.swift */ = {isa = PBXFileReference; fileEncoding = 4; lastKnownFileType = sourcecode.swift; path = lyricalNonsense.swift; sourceTree = "<group>"; };
/* End PBXFileReference section */

/* Begin PBXFrameworksBuildPhase section */
		438B3E521D9E916C005D7A6E /* Frameworks */ = {
			isa = PBXFrameworksBuildPhase;
			buildActionMask = 2147483647;
			files = (
				43A39CEC1DA0103000991AB8 /* ScriptingBridge.framework in Frameworks */,
			);
			runOnlyForDeploymentPostprocessing = 0;
		};
/* End PBXFrameworksBuildPhase section */

/* Begin PBXGroup section */
		438B3E4C1D9E916C005D7A6E = {
			isa = PBXGroup;
			children = (
				438B3E571D9E916C005D7A6E /* iTunes */,
				438B3E561D9E916C005D7A6E /* Products */,
				439C6B241D9FE99D00060C69 /* Frameworks */,
			);
			sourceTree = "<group>";
		};
		438B3E561D9E916C005D7A6E /* Products */ = {
			isa = PBXGroup;
			children = (
				438B3E551D9E916C005D7A6E /* iTunes */,
			);
			name = Products;
			sourceTree = "<group>";
		};
		438B3E571D9E916C005D7A6E /* iTunes */ = {
			isa = PBXGroup;
			children = (
				439C6B2C1DA007AA00060C69 /* iTunes.h */,
				439C6B2D1DA007AA00060C69 /* iTunes.sdef */,
				439C6B301DA008E300060C69 /* iTunes.swift */,
				438B3E581D9E916C005D7A6E /* main.swift */,
				43A39CED1DA038E700991AB8 /* musixmatchApi.swift */,
				43A39CEF1DA039EE00991AB8 /* lyricalNonsense.swift */,
			);
			path = iTunes;
			sourceTree = "<group>";
		};
		439C6B241D9FE99D00060C69 /* Frameworks */ = {
			isa = PBXGroup;
			children = (
				43A39CEB1DA0103000991AB8 /* ScriptingBridge.framework */,
			);
			name = Frameworks;
			sourceTree = "<group>";
		};
/* End PBXGroup section */

/* Begin PBXNativeTarget section */
		438B3E541D9E916C005D7A6E /* iTunes */ = {
			isa = PBXNativeTarget;
			buildConfigurationList = 438B3E5C1D9E916C005D7A6E /* Build configuration list for PBXNativeTarget "iTunes" */;
			buildPhases = (
				438B3E511D9E916C005D7A6E /* Sources */,
				438B3E521D9E916C005D7A6E /* Frameworks */,
				438B3E531D9E916C005D7A6E /* CopyFiles */,
			);
			buildRules = (
			);
			dependencies = (
			);
			name = iTunes;
			productName = iTunes;
			productReference = 438B3E551D9E916C005D7A6E /* iTunes */;
			productType = "com.apple.product-type.tool";
		};
/* End PBXNativeTarget section */

/* Begin PBXProject section */
		438B3E4D1D9E916C005D7A6E /* Project object */ = {
			isa = PBXProject;
			attributes = {
				LastSwiftUpdateCheck = 0800;
				LastUpgradeCheck = 0800;
				ORGANIZATIONNAME = "Hyunjae Lee";
				TargetAttributes = {
					438B3E541D9E916C005D7A6E = {
						CreatedOnToolsVersion = 8.0;
						DevelopmentTeam = CU6TTXXQZE;
						ProvisioningStyle = Automatic;
					};
				};
			};
			buildConfigurationList = 438B3E501D9E916C005D7A6E /* Build configuration list for PBXProject "iTunes" */;
			compatibilityVersion = "Xcode 3.2";
			developmentRegion = English;
			hasScannedForEncodings = 0;
			knownRegions = (
				en,
			);
			mainGroup = 438B3E4C1D9E916C005D7A6E;
			productRefGroup = 438B3E561D9E916C005D7A6E /* Products */;
			projectDirPath = "";
			projectRoot = "";
			targets = (
				438B3E541D9E916C005D7A6E /* iTunes */,
			);
		};
/* End PBXProject section */

/* Begin PBXSourcesBuildPhase section */
		438B3E511D9E916C005D7A6E /* Sources */ = {
			isa = PBXSourcesBuildPhase;
			buildActionMask = 2147483647;
			files = (
				438B3E591D9E916C005D7A6E /* main.swift in Sources */,
				43A39CF01DA039EE00991AB8 /* lyricalNonsense.swift in Sources */,
				43A39CEE1DA038E700991AB8 /* musixmatchApi.swift in Sources */,
				439C6B311DA008E300060C69 /* iTunes.swift in Sources */,
			);
			runOnlyForDeploymentPostprocessing = 0;
		};
/* End PBXSourcesBuildPhase section */

/* Begin XCBuildConfiguration section */
		438B3E5A1D9E916C005D7A6E /* Debug */ = {
			isa = XCBuildConfiguration;
			buildSettings = {
				ALWAYS_SEARCH_USER_PATHS = NO;
				CLANG_ANALYZER_NONNULL = YES;
				CLANG_CXX_LANGUAGE_STANDARD = "gnu++0x";
				CLANG_CXX_LIBRARY = "libc++";
				CLANG_ENABLE_MODULES = YES;
				CLANG_ENABLE_OBJC_ARC = YES;
				CLANG_WARN_BOOL_CONVERSION = YES;
				CLANG_WARN_CONSTANT_CONVERSION = YES;
				CLANG_WARN_DIRECT_OBJC_ISA_USAGE = YES_ERROR;
				CLANG_WARN_DOCUMENTATION_COMMENTS = YES;
				CLANG_WARN_EMPTY_BODY = YES;
				CLANG_WARN_ENUM_CONVERSION = YES;
				CLANG_WARN_INFINITE_RECURSION = YES;
				CLANG_WARN_INT_CONVERSION = YES;
				CLANG_WARN_OBJC_ROOT_CLASS = YES_ERROR;
				CLANG_WARN_SUSPICIOUS_MOVES = YES;
				CLANG_WARN_UNREACHABLE_CODE = YES;
				CLANG_WARN__DUPLICATE_METHOD_MATCH = YES;
				CODE_SIGN_IDENTITY = "-";
				COPY_PHASE_STRIP = NO;
				DEBUG_INFORMATION_FORMAT = dwarf;
				ENABLE_STRICT_OBJC_MSGSEND = YES;
				ENABLE_TESTABILITY = YES;
				GCC_C_LANGUAGE_STANDARD = gnu99;
				GCC_DYNAMIC_NO_PIC = NO;
				GCC_NO_COMMON_BLOCKS = YES;
				GCC_OPTIMIZATION_LEVEL = 0;
				GCC_PREPROCESSOR_DEFINITIONS = (
					"DEBUG=1",
					"$(inherited)",
				);
				GCC_WARN_64_TO_32_BIT_CONVERSION = YES;
				GCC_WARN_ABOUT_RETURN_TYPE = YES_ERROR;
				GCC_WARN_UNDECLARED_SELECTOR = YES;
				GCC_WARN_UNINITIALIZED_AUTOS = YES_AGGRESSIVE;
				GCC_WARN_UNUSED_FUNCTION = YES;
				GCC_WARN_UNUSED_VARIABLE = YES;
				MACOSX_DEPLOYMENT_TARGET = 10.12;
				MTL_ENABLE_DEBUG_INFO = YES;
				ONLY_ACTIVE_ARCH = YES;
				SDKROOT = macosx;
				SWIFT_OPTIMIZATION_LEVEL = "-Onone";
			};
			name = Debug;
		};
		438B3E5B1D9E916C005D7A6E /* Release */ = {
			isa = XCBuildConfiguration;
			buildSettings = {
				ALWAYS_SEARCH_USER_PATHS = NO;
				CLANG_ANALYZER_NONNULL = YES;
				CLANG_CXX_LANGUAGE_STANDARD = "gnu++0x";
				CLANG_CXX_LIBRARY = "libc++";
				CLANG_ENABLE_MODULES = YES;
				CLANG_ENABLE_OBJC_ARC = YES;
				CLANG_WARN_BOOL_CONVERSION = YES;
				CLANG_WARN_CONSTANT_CONVERSION = YES;
				CLANG_WARN_DIRECT_OBJC_ISA_USAGE = YES_ERROR;
				CLANG_WARN_DOCUMENTATION_COMMENTS = YES;
				CLANG_WARN_EMPTY_BODY = YES;
				CLANG_WARN_ENUM_CONVERSION = YES;
				CLANG_WARN_INFINITE_RECURSION = YES;
				CLANG_WARN_INT_CONVERSION = YES;
				CLANG_WARN_OBJC_ROOT_CLASS = YES_ERROR;
				CLANG_WARN_SUSPICIOUS_MOVES = YES;
				CLANG_WARN_UNREACHABLE_CODE = YES;
				CLANG_WARN__DUPLICATE_METHOD_MATCH = YES;
				CODE_SIGN_IDENTITY = "-";
				COPY_PHASE_STRIP = NO;
				DEBUG_INFORMATION_FORMAT = "dwarf-with-dsym";
				ENABLE_NS_ASSERTIONS = NO;
				ENABLE_STRICT_OBJC_MSGSEND = YES;
				GCC_C_LANGUAGE_STANDARD = gnu99;
				GCC_NO_COMMON_BLOCKS = YES;
				GCC_WARN_64_TO_32_BIT_CONVERSION = YES;
				GCC_WARN_ABOUT_RETURN_TYPE = YES_ERROR;
				GCC_WARN_UNDECLARED_SELECTOR = YES;
				GCC_WARN_UNINITIALIZED_AUTOS = YES_AGGRESSIVE;
				GCC_WARN_UNUSED_FUNCTION = YES;
				GCC_WARN_UNUSED_VARIABLE = YES;
				MACOSX_DEPLOYMENT_TARGET = 10.12;
				MTL_ENABLE_DEBUG_INFO = NO;
				SDKROOT = macosx;
			};
			name = Release;
		};
		438B3E5D1D9E916C005D7A6E /* Debug */ = {
			isa = XCBuildConfiguration;
			buildSettings = {
				DEVELOPMENT_TEAM = CU6TTXXQZE;
				PRODUCT_NAME = "$(TARGET_NAME)";
				SWIFT_OBJC_BRIDGING_HEADER = "";
				SWIFT_VERSION = 3.0;
			};
			name = Debug;
		};
		438B3E5E1D9E916C005D7A6E /* Release */ = {
			isa = XCBuildConfiguration;
			buildSettings = {
				DEVELOPMENT_TEAM = CU6TTXXQZE;
				PRODUCT_NAME = "$(TARGET_NAME)";
				SWIFT_OBJC_BRIDGING_HEADER = "";
				SWIFT_VERSION = 3.0;
			};
			name = Release;
		};
/* End XCBuildConfiguration section */

/* Begin XCConfigurationList section */
		438B3E501D9E916C005D7A6E /* Build configuration list for PBXProject "iTunes" */ = {
			isa = XCConfigurationList;
			buildConfigurations = (
				438B3E5A1D9E916C005D7A6E /* Debug */,
				438B3E5B1D9E916C005D7A6E /* Release */,
			);
			defaultConfigurationIsVisible = 0;
			defaultConfigurationName = Release;
		};
		438B3E5C1D9E916C005D7A6E /* Build configuration list for PBXNativeTarget "iTunes" */ = {
			isa = XCConfigurationList;
			buildConfigurations = (
				438B3E5D1D9E916C005D7A6E /* Debug */,
				438B3E5E1D9E916C005D7A6E /* Release */,
			);
			defaultConfigurationIsVisible = 0;
			defaultConfigurationName = Release;
		};
/* End XCConfigurationList section */
	};
	rootObject = 438B3E4D1D9E916C005D7A6E /* Project object */;
}
